// !$*UTF8*$!
{
	archiveVersion = 1;
	classes = {
	};
	objectVersion = 46;
	objects = {

/* Begin PBXBuildFile section */
		1AEF73DD1D0AC25800D0D56B /* AppDelegate.swift in Sources */ = {isa = PBXBuildFile; fileRef = 1AEF73DC1D0AC25800D0D56B /* AppDelegate.swift */; };
		1AEF73DF1D0AC25800D0D56B /* ViewController.swift in Sources */ = {isa = PBXBuildFile; fileRef = 1AEF73DE1D0AC25800D0D56B /* ViewController.swift */; };
		1AEF73E21D0AC25800D0D56B /* Main.storyboard in Resources */ = {isa = PBXBuildFile; fileRef = 1AEF73E01D0AC25800D0D56B /* Main.storyboard */; };
		1AEF73E41D0AC25800D0D56B /* Images.xcassets in Resources */ = {isa = PBXBuildFile; fileRef = 1AEF73E31D0AC25800D0D56B /* Images.xcassets */; };
		1AEF73E71D0AC25800D0D56B /* LaunchScreen.xib in Resources */ = {isa = PBXBuildFile; fileRef = 1AEF73E51D0AC25800D0D56B /* LaunchScreen.xib */; };
		1AEF73F31D0AC25800D0D56B /* ScrollerTests.swift in Sources */ = {isa = PBXBuildFile; fileRef = 1AEF73F21D0AC25800D0D56B /* ScrollerTests.swift */; };
/* End PBXBuildFile section */

/* Begin PBXContainerItemProxy section */
		1AEF73ED1D0AC25800D0D56B /* PBXContainerItemProxy */ = {
			isa = PBXContainerItemProxy;
			containerPortal = 1AEF73CF1D0AC25800D0D56B /* Project object */;
			proxyType = 1;
			remoteGlobalIDString = 1AEF73D61D0AC25800D0D56B;
			remoteInfo = Scroller;
		};
/* End PBXContainerItemProxy section */

/* Begin PBXFileReference section */
		1AEF73D71D0AC25800D0D56B /* Scroller.app */ = {isa = PBXFileReference; explicitFileType = wrapper.application; includeInIndex = 0; path = Scroller.app; sourceTree = BUILT_PRODUCTS_DIR; };
		1AEF73DB1D0AC25800D0D56B /* Info.plist */ = {isa = PBXFileReference; lastKnownFileType = text.plist.xml; path = Info.plist; sourceTree = "<group>"; };
		1AEF73DC1D0AC25800D0D56B /* AppDelegate.swift */ = {isa = PBXFileReference; lastKnownFileType = sourcecode.swift; path = AppDelegate.swift; sourceTree = "<group>"; };
		1AEF73DE1D0AC25800D0D56B /* ViewController.swift */ = {isa = PBXFileReference; lastKnownFileType = sourcecode.swift; path = ViewController.swift; sourceTree = "<group>"; };
		1AEF73E11D0AC25800D0D56B /* Base */ = {isa = PBXFileReference; lastKnownFileType = file.storyboard; name = Base; path = Base.lproj/Main.storyboard; sourceTree = "<group>"; };
		1AEF73E31D0AC25800D0D56B /* Images.xcassets */ = {isa = PBXFileReference; lastKnownFileType = folder.assetcatalog; path = Images.xcassets; sourceTree = "<group>"; };
		1AEF73E61D0AC25800D0D56B /* Base */ = {isa = PBXFileReference; lastKnownFileType = file.xib; name = Base; path = Base.lproj/LaunchScreen.xib; sourceTree = "<group>"; };
		1AEF73EC1D0AC25800D0D56B /* ScrollerTests.xctest */ = {isa = PBXFileReference; explicitFileType = wrapper.cfbundle; includeInIndex = 0; path = ScrollerTests.xctest; sourceTree = BUILT_PRODUCTS_DIR; };
		1AEF73F11D0AC25800D0D56B /* Info.plist */ = {isa = PBXFileReference; lastKnownFileType = text.plist.xml; path = Info.plist; sourceTree = "<group>"; };
		1AEF73F21D0AC25800D0D56B /* ScrollerTests.swift */ = {isa = PBXFileReference; lastKnownFileType = sourcecode.swift; path = ScrollerTests.swift; sourceTree = "<group>"; };
/* End PBXFileReference section */

/* Begin PBXFrameworksBuildPhase section */
		1AEF73D41D0AC25800D0D56B /* Frameworks */ = {
			isa = PBXFrameworksBuildPhase;
			buildActionMask = 2147483647;
			files = (
			);
			runOnlyForDeploymentPostprocessing = 0;
		};
		1AEF73E91D0AC25800D0D56B /* Frameworks */ = {
			isa = PBXFrameworksBuildPhase;
			buildActionMask = 2147483647;
			files = (
			);
			runOnlyForDeploymentPostprocessing = 0;
		};
/* End PBXFrameworksBuildPhase section */

/* Begin PBXGroup section */
		1AEF73CE1D0AC25800D0D56B = {
			isa = PBXGroup;
			children = (
				1AEF73D91D0AC25800D0D56B /* Scroller */,
				1AEF73EF1D0AC25800D0D56B /* ScrollerTests */,
				1AEF73D81D0AC25800D0D56B /* Products */,
			);
			sourceTree = "<group>";
		};
		1AEF73D81D0AC25800D0D56B /* Products */ = {
			isa = PBXGroup;
			children = (
				1AEF73D71D0AC25800D0D56B /* Scroller.app */,
				1AEF73EC1D0AC25800D0D56B /* ScrollerTests.xctest */,
			);
			name = Products;
			sourceTree = "<group>";
		};
		1AEF73D91D0AC25800D0D56B /* Scroller */ = {
			isa = PBXGroup;
			children = (
				1AEF73DC1D0AC25800D0D56B /* AppDelegate.swift */,
				1AEF73DE1D0AC25800D0D56B /* ViewController.swift */,
				1AEF73E01D0AC25800D0D56B /* Main.storyboard */,
				1AEF73E31D0AC25800D0D56B /* Images.xcassets */,
				1AEF73E51D0AC25800D0D56B /* LaunchScreen.xib */,
				1AEF73DA1D0AC25800D0D56B /* Supporting Files */,
			);
			path = Scroller;
			sourceTree = "<group>";
		};
		1AEF73DA1D0AC25800D0D56B /* Supporting Files */ = {
			isa = PBXGroup;
			children = (
				1AEF73DB1D0AC25800D0D56B /* Info.plist */,
			);
			name = "Supporting Files";
			sourceTree = "<group>";
		};
		1AEF73EF1D0AC25800D0D56B /* ScrollerTests */ = {
			isa = PBXGroup;
			children = (
				1AEF73F21D0AC25800D0D56B /* ScrollerTests.swift */,
				1AEF73F01D0AC25800D0D56B /* Supporting Files */,
			);
			path = ScrollerTests;
			sourceTree = "<group>";
		};
		1AEF73F01D0AC25800D0D56B /* Supporting Files */ = {
			isa = PBXGroup;
			children = (
				1AEF73F11D0AC25800D0D56B /* Info.plist */,
			);
			name = "Supporting Files";
			sourceTree = "<group>";
		};
/* End PBXGroup section */

/* Begin PBXNativeTarget section */
		1AEF73D61D0AC25800D0D56B /* Scroller */ = {
			isa = PBXNativeTarget;
			buildConfigurationList = 1AEF73F61D0AC25800D0D56B /* Build configuration list for PBXNativeTarget "Scroller" */;
			buildPhases = (
				1AEF73D31D0AC25800D0D56B /* Sources */,
				1AEF73D41D0AC25800D0D56B /* Frameworks */,
				1AEF73D51D0AC25800D0D56B /* Resources */,
			);
			buildRules = (
			);
			dependencies = (
			);
			name = Scroller;
			productName = Scroller;
			productReference = 1AEF73D71D0AC25800D0D56B /* Scroller.app */;
			productType = "com.apple.product-type.application";
		};
		1AEF73EB1D0AC25800D0D56B /* ScrollerTests */ = {
			isa = PBXNativeTarget;
			buildConfigurationList = 1AEF73F91D0AC25800D0D56B /* Build configuration list for PBXNativeTarget "ScrollerTests" */;
			buildPhases = (
				1AEF73E81D0AC25800D0D56B /* Sources */,
				1AEF73E91D0AC25800D0D56B /* Frameworks */,
				1AEF73EA1D0AC25800D0D56B /* Resources */,
			);
			buildRules = (
			);
			dependencies = (
				1AEF73EE1D0AC25800D0D56B /* PBXTargetDependency */,
			);
			name = ScrollerTests;
			productName = ScrollerTests;
			productReference = 1AEF73EC1D0AC25800D0D56B /* ScrollerTests.xctest */;
			productType = "com.apple.product-type.bundle.unit-test";
		};
/* End PBXNativeTarget section */

/* Begin PBXProject section */
		1AEF73CF1D0AC25800D0D56B /* Project object */ = {
			isa = PBXProject;
			attributes = {
				LastUpgradeCheck = 0640;
				ORGANIZATIONNAME = Kony;
				TargetAttributes = {
					1AEF73D61D0AC25800D0D56B = {
						CreatedOnToolsVersion = 6.4;
					};
					1AEF73EB1D0AC25800D0D56B = {
						CreatedOnToolsVersion = 6.4;
						TestTargetID = 1AEF73D61D0AC25800D0D56B;
					};
				};
			};
			buildConfigurationList = 1AEF73D21D0AC25800D0D56B /* Build configuration list for PBXProject "Scroller" */;
			compatibilityVersion = "Xcode 3.2";
			developmentRegion = English;
			hasScannedForEncodings = 0;
			knownRegions = (
				en,
				Base,
			);
			mainGroup = 1AEF73CE1D0AC25800D0D56B;
			productRefGroup = 1AEF73D81D0AC25800D0D56B /* Products */;
			projectDirPath = "";
			projectRoot = "";
			targets = (
				1AEF73D61D0AC25800D0D56B /* Scroller */,
				1AEF73EB1D0AC25800D0D56B /* ScrollerTests */,
			);
		};
/* End PBXProject section */

/* Begin PBXResourcesBuildPhase section */
		1AEF73D51D0AC25800D0D56B /* Resources */ = {
			isa = PBXResourcesBuildPhase;
			buildActionMask = 2147483647;
			files = (
				1AEF73E21D0AC25800D0D56B /* Main.storyboard in Resources */,
				1AEF73E71D0AC25800D0D56B /* LaunchScreen.xib in Resources */,
				1AEF73E41D0AC25800D0D56B /* Images.xcassets in Resources */,
			);
			runOnlyForDeploymentPostprocessing = 0;
		};
		1AEF73EA1D0AC25800D0D56B /* Resources */ = {
			isa = PBXResourcesBuildPhase;
			buildActionMask = 2147483647;
			files = (
			);
			runOnlyForDeploymentPostprocessing = 0;
		};
/* End PBXResourcesBuildPhase section */

/* Begin PBXSourcesBuildPhase section */
		1AEF73D31D0AC25800D0D56B /* Sources */ = {
			isa = PBXSourcesBuildPhase;
			buildActionMask = 2147483647;
			files = (
				1AEF73DF1D0AC25800D0D56B /* ViewController.swift in Sources */,
				1AEF73DD1D0AC25800D0D56B /* AppDelegate.swift in Sources */,
			);
			runOnlyForDeploymentPostprocessing = 0;
		};
		1AEF73E81D0AC25800D0D56B /* Sources */ = {
			isa = PBXSourcesBuildPhase;
			buildActionMask = 2147483647;
			files = (
				1AEF73F31D0AC25800D0D56B /* ScrollerTests.swift in Sources */,
			);
			runOnlyForDeploymentPostprocessing = 0;
		};
/* End PBXSourcesBuildPhase section */

/* Begin PBXTargetDependency section */
		1AEF73EE1D0AC25800D0D56B /* PBXTargetDependency */ = {
			isa = PBXTargetDependency;
			target = 1AEF73D61D0AC25800D0D56B /* Scroller */;
			targetProxy = 1AEF73ED1D0AC25800D0D56B /* PBXContainerItemProxy */;
		};
/* End PBXTargetDependency section */

/* Begin PBXVariantGroup section */
		1AEF73E01D0AC25800D0D56B /* Main.storyboard */ = {
			isa = PBXVariantGroup;
			children = (
				1AEF73E11D0AC25800D0D56B /* Base */,
			);
			name = Main.storyboard;
			sourceTree = "<group>";
		};
		1AEF73E51D0AC25800D0D56B /* LaunchScreen.xib */ = {
			isa = PBXVariantGroup;
			children = (
				1AEF73E61D0AC25800D0D56B /* Base */,
			);
			name = LaunchScreen.xib;
			sourceTree = "<group>";
		};
/* End PBXVariantGroup section */

/* Begin XCBuildConfiguration section */
		1AEF73F41D0AC25800D0D56B /* Debug */ = {
			isa = XCBuildConfiguration;
			buildSettings = {
				ALWAYS_SEARCH_USER_PATHS = NO;
				CLANG_CXX_LANGUAGE_STANDARD = "gnu++0x";
				CLANG_CXX_LIBRARY = "libc++";
				CLANG_ENABLE_MODULES = YES;
				CLANG_ENABLE_OBJC_ARC = YES;
				CLANG_WARN_BOOL_CONVERSION = YES;
				CLANG_WARN_CONSTANT_CONVERSION = YES;
				CLANG_WARN_DIRECT_OBJC_ISA_USAGE = YES_ERROR;
				CLANG_WARN_EMPTY_BODY = YES;
				CLANG_WARN_ENUM_CONVERSION = YES;
				CLANG_WARN_INT_CONVERSION = YES;
				CLANG_WARN_OBJC_ROOT_CLASS = YES_ERROR;
				CLANG_WARN_UNREACHABLE_CODE = YES;
				CLANG_WARN__DUPLICATE_METHOD_MATCH = YES;
				"CODE_SIGN_IDENTITY[sdk=iphoneos*]" = "iPhone Developer";
				COPY_PHASE_STRIP = NO;
				DEBUG_INFORMATION_FORMAT = "dwarf-with-dsym";
				ENABLE_STRICT_OBJC_MSGSEND = YES;
				GCC_C_LANGUAGE_STANDARD = gnu99;
				GCC_DYNAMIC_NO_PIC = NO;
				GCC_NO_COMMON_BLOCKS = YES;
				GCC_OPTIMIZATION_LEVEL = 0;
				GCC_PREPROCESSOR_DEFINITIONS = (
					"DEBUG=1",
					"$(inherited)",
				);
				GCC_SYMBOLS_PRIVATE_EXTERN = NO;
				GCC_WARN_64_TO_32_BIT_CONVERSION = YES;
				GCC_WARN_ABOUT_RETURN_TYPE = YES_ERROR;
				GCC_WARN_UNDECLARED_SELECTOR = YES;
				GCC_WARN_UNINITIALIZED_AUTOS = YES_AGGRESSIVE;
				GCC_WARN_UNUSED_FUNCTION = YES;
				GCC_WARN_UNUSED_VARIABLE = YES;
				IPHONEOS_DEPLOYMENT_TARGET = 8.4;
				MTL_ENABLE_DEBUG_INFO = YES;
				ONLY_ACTIVE_ARCH = YES;
				SDKROOT = iphoneos;
				SWIFT_OPTIMIZATION_LEVEL = "-Onone";
			};
			name = Debug;
		};
		1AEF73F51D0AC25800D0D56B /* Release */ = {
			isa = XCBuildConfiguration;
			buildSettings = {
				ALWAYS_SEARCH_USER_PATHS = NO;
				CLANG_CXX_LANGUAGE_STANDARD = "gnu++0x";
				CLANG_CXX_LIBRARY = "libc++";
				CLANG_ENABLE_MODULES = YES;
				CLANG_ENABLE_OBJC_ARC = YES;
				CLANG_WARN_BOOL_CONVERSION = YES;
				CLANG_WARN_CONSTANT_CONVERSION = YES;
				CLANG_WARN_DIRECT_OBJC_ISA_USAGE = YES_ERROR;
				CLANG_WARN_EMPTY_BODY = YES;
				CLANG_WARN_ENUM_CONVERSION = YES;
				CLANG_WARN_INT_CONVERSION = YES;
				CLANG_WARN_OBJC_ROOT_CLASS = YES_ERROR;
				CLANG_WARN_UNREACHABLE_CODE = YES;
				CLANG_WARN__DUPLICATE_METHOD_MATCH = YES;
				"CODE_SIGN_IDENTITY[sdk=iphoneos*]" = "iPhone Developer";
				COPY_PHASE_STRIP = NO;
				DEBUG_INFORMATION_FORMAT = "dwarf-with-dsym";
				ENABLE_NS_ASSERTIONS = NO;
				ENABLE_STRICT_OBJC_MSGSEND = YES;
				GCC_C_LANGUAGE_STANDARD = gnu99;
				GCC_NO_COMMON_BLOCKS = YES;
				GCC_WARN_64_TO_32_BIT_CONVERSION = YES;
				GCC_WARN_ABOUT_RETURN_TYPE = YES_ERROR;
				GCC_WARN_UNDECLARED_SELECTOR = YES;
				GCC_WARN_UNINITIALIZED_AUTOS = YES_AGGRESSIVE;
				GCC_WARN_UNUSED_FUNCTION = YES;
				GCC_WARN_UNUSED_VARIABLE = YES;
				IPHONEOS_DEPLOYMENT_TARGET = 8.4;
				MTL_ENABLE_DEBUG_INFO = NO;
				SDKROOT = iphoneos;
				VALIDATE_PRODUCT = YES;
			};
			name = Release;
		};
		1AEF73F71D0AC25800D0D56B /* Debug */ = {
			isa = XCBuildConfiguration;
			buildSettings = {
				ASSETCATALOG_COMPILER_APPICON_NAME = AppIcon;
				INFOPLIST_FILE = Scroller/Info.plist;
				LD_RUNPATH_SEARCH_PATHS = "$(inherited) @executable_path/Frameworks";
				PRODUCT_NAME = "$(TARGET_NAME)";
			};
			name = Debug;
		};
		1AEF73F81D0AC25800D0D56B /* Release */ = {
			isa = XCBuildConfiguration;
			buildSettings = {
				ASSETCATALOG_COMPILER_APPICON_NAME = AppIcon;
				INFOPLIST_FILE = Scroller/Info.plist;
				LD_RUNPATH_SEARCH_PATHS = "$(inherited) @executable_path/Frameworks";
				PRODUCT_NAME = "$(TARGET_NAME)";
			};
			name = Release;
		};
		1AEF73FA1D0AC25800D0D56B /* Debug */ = {
			isa = XCBuildConfiguration;
			buildSettings = {
				BUNDLE_LOADER = "$(TEST_HOST)";
				FRAMEWORK_SEARCH_PATHS = (
					"$(SDKROOT)/Developer/Library/Frameworks",
					"$(inherited)",
				);
				GCC_PREPROCESSOR_DEFINITIONS = (
					"DEBUG=1",
					"$(inherited)",
				);
				INFOPLIST_FILE = ScrollerTests/Info.plist;
				LD_RUNPATH_SEARCH_PATHS = "$(inherited) @executable_path/Frameworks @loader_path/Frameworks";
				PRODUCT_NAME = "$(TARGET_NAME)";
				TEST_HOST = "$(BUILT_PRODUCTS_DIR)/Scroller.app/Scroller";
			};
			name = Debug;
		};
		1AEF73FB1D0AC25800D0D56B /* Release */ = {
			isa = XCBuildConfiguration;
			buildSettings = {
				BUNDLE_LOADER = "$(TEST_HOST)";
				FRAMEWORK_SEARCH_PATHS = (
					"$(SDKROOT)/Developer/Library/Frameworks",
					"$(inherited)",
				);
				INFOPLIST_FILE = ScrollerTests/Info.plist;
				LD_RUNPATH_SEARCH_PATHS = "$(inherited) @executable_path/Frameworks @loader_path/Frameworks";
				PRODUCT_NAME = "$(TARGET_NAME)";
				TEST_HOST = "$(BUILT_PRODUCTS_DIR)/Scroller.app/Scroller";
			};
			name = Release;
		};
/* End XCBuildConfiguration section */

/* Begin XCConfigurationList section */
		1AEF73D21D0AC25800D0D56B /* Build configuration list for PBXProject "Scroller" */ = {
			isa = XCConfigurationList;
			buildConfigurations = (
				1AEF73F41D0AC25800D0D56B /* Debug */,
				1AEF73F51D0AC25800D0D56B /* Release */,
			);
			defaultConfigurationIsVisible = 0;
			defaultConfigurationName = Release;
		};
		1AEF73F61D0AC25800D0D56B /* Build configuration list for PBXNativeTarget "Scroller" */ = {
			isa = XCConfigurationList;
			buildConfigurations = (
				1AEF73F71D0AC25800D0D56B /* Debug */,
				1AEF73F81D0AC25800D0D56B /* Release */,
			);
			defaultConfigurationIsVisible = 0;
		};
		1AEF73F91D0AC25800D0D56B /* Build configuration list for PBXNativeTarget "ScrollerTests" */ = {
			isa = XCConfigurationList;
			buildConfigurations = (
				1AEF73FA1D0AC25800D0D56B /* Debug */,
				1AEF73FB1D0AC25800D0D56B /* Release */,
			);
			defaultConfigurationIsVisible = 0;
		};
/* End XCConfigurationList section */
	};
	rootObject = 1AEF73CF1D0AC25800D0D56B /* Project object */;
}
