// !$*UTF8*$!
{
	archiveVersion = 1;
	classes = {
	};
	objectVersion = 46;
	objects = {

/* Begin PBXBuildFile section */
		1A0224AB1D1A78AB008CB2B9 /* AppDelegate.swift in Sources */ = {isa = PBXBuildFile; fileRef = 1A0224AA1D1A78AB008CB2B9 /* AppDelegate.swift */; };
		1A0224AE1D1A78AB008CB2B9 /* EmployeeStore.xcdatamodeld in Sources */ = {isa = PBXBuildFile; fileRef = 1A0224AC1D1A78AB008CB2B9 /* EmployeeStore.xcdatamodeld */; };
		1A0224B01D1A78AB008CB2B9 /* ViewController.swift in Sources */ = {isa = PBXBuildFile; fileRef = 1A0224AF1D1A78AB008CB2B9 /* ViewController.swift */; };
		1A0224B31D1A78AB008CB2B9 /* Main.storyboard in Resources */ = {isa = PBXBuildFile; fileRef = 1A0224B11D1A78AB008CB2B9 /* Main.storyboard */; };
		1A0224B51D1A78AB008CB2B9 /* Images.xcassets in Resources */ = {isa = PBXBuildFile; fileRef = 1A0224B41D1A78AB008CB2B9 /* Images.xcassets */; };
		1A0224B81D1A78AB008CB2B9 /* LaunchScreen.xib in Resources */ = {isa = PBXBuildFile; fileRef = 1A0224B61D1A78AB008CB2B9 /* LaunchScreen.xib */; };
		1A0224C41D1A78AB008CB2B9 /* EmployeeStoreTests.swift in Sources */ = {isa = PBXBuildFile; fileRef = 1A0224C31D1A78AB008CB2B9 /* EmployeeStoreTests.swift */; };
		1A0224CE1D1A94CA008CB2B9 /* Employees.swift in Sources */ = {isa = PBXBuildFile; fileRef = 1A0224CD1D1A94CA008CB2B9 /* Employees.swift */; };
		1A0224D01D1A9881008CB2B9 /* download.jpeg in Resources */ = {isa = PBXBuildFile; fileRef = 1A0224CF1D1A9881008CB2B9 /* download.jpeg */; };
		1A0224D21D1A99E1008CB2B9 /* EmployeeTvc.swift in Sources */ = {isa = PBXBuildFile; fileRef = 1A0224D11D1A99E1008CB2B9 /* EmployeeTvc.swift */; };
/* End PBXBuildFile section */

/* Begin PBXContainerItemProxy section */
		1A0224BE1D1A78AB008CB2B9 /* PBXContainerItemProxy */ = {
			isa = PBXContainerItemProxy;
			containerPortal = 1A02249D1D1A78AB008CB2B9 /* Project object */;
			proxyType = 1;
			remoteGlobalIDString = 1A0224A41D1A78AB008CB2B9;
			remoteInfo = EmployeeStore;
		};
/* End PBXContainerItemProxy section */

/* Begin PBXFileReference section */
		1A0224A51D1A78AB008CB2B9 /* EmployeeStore.app */ = {isa = PBXFileReference; explicitFileType = wrapper.application; includeInIndex = 0; path = EmployeeStore.app; sourceTree = BUILT_PRODUCTS_DIR; };
		1A0224A91D1A78AB008CB2B9 /* Info.plist */ = {isa = PBXFileReference; lastKnownFileType = text.plist.xml; path = Info.plist; sourceTree = "<group>"; };
		1A0224AA1D1A78AB008CB2B9 /* AppDelegate.swift */ = {isa = PBXFileReference; lastKnownFileType = sourcecode.swift; path = AppDelegate.swift; sourceTree = "<group>"; };
		1A0224AD1D1A78AB008CB2B9 /* EmployeeStore.xcdatamodel */ = {isa = PBXFileReference; lastKnownFileType = wrapper.xcdatamodel; path = EmployeeStore.xcdatamodel; sourceTree = "<group>"; };
		1A0224AF1D1A78AB008CB2B9 /* ViewController.swift */ = {isa = PBXFileReference; lastKnownFileType = sourcecode.swift; path = ViewController.swift; sourceTree = "<group>"; };
		1A0224B21D1A78AB008CB2B9 /* Base */ = {isa = PBXFileReference; lastKnownFileType = file.storyboard; name = Base; path = Base.lproj/Main.storyboard; sourceTree = "<group>"; };
		1A0224B41D1A78AB008CB2B9 /* Images.xcassets */ = {isa = PBXFileReference; lastKnownFileType = folder.assetcatalog; path = Images.xcassets; sourceTree = "<group>"; };
		1A0224B71D1A78AB008CB2B9 /* Base */ = {isa = PBXFileReference; lastKnownFileType = file.xib; name = Base; path = Base.lproj/LaunchScreen.xib; sourceTree = "<group>"; };
		1A0224BD1D1A78AB008CB2B9 /* EmployeeStoreTests.xctest */ = {isa = PBXFileReference; explicitFileType = wrapper.cfbundle; includeInIndex = 0; path = EmployeeStoreTests.xctest; sourceTree = BUILT_PRODUCTS_DIR; };
		1A0224C21D1A78AB008CB2B9 /* Info.plist */ = {isa = PBXFileReference; lastKnownFileType = text.plist.xml; path = Info.plist; sourceTree = "<group>"; };
		1A0224C31D1A78AB008CB2B9 /* EmployeeStoreTests.swift */ = {isa = PBXFileReference; lastKnownFileType = sourcecode.swift; path = EmployeeStoreTests.swift; sourceTree = "<group>"; };
		1A0224CD1D1A94CA008CB2B9 /* Employees.swift */ = {isa = PBXFileReference; fileEncoding = 4; lastKnownFileType = sourcecode.swift; name = Employees.swift; path = ../Employees.swift; sourceTree = "<group>"; };
		1A0224CF1D1A9881008CB2B9 /* download.jpeg */ = {isa = PBXFileReference; lastKnownFileType = image.jpeg; name = download.jpeg; path = "../../BayCap Newsletter/download.jpeg"; sourceTree = "<group>"; };
		1A0224D11D1A99E1008CB2B9 /* EmployeeTvc.swift */ = {isa = PBXFileReference; fileEncoding = 4; lastKnownFileType = sourcecode.swift; path = EmployeeTvc.swift; sourceTree = "<group>"; };
/* End PBXFileReference section */

/* Begin PBXFrameworksBuildPhase section */
		1A0224A21D1A78AB008CB2B9 /* Frameworks */ = {
			isa = PBXFrameworksBuildPhase;
			buildActionMask = 2147483647;
			files = (
			);
			runOnlyForDeploymentPostprocessing = 0;
		};
		1A0224BA1D1A78AB008CB2B9 /* Frameworks */ = {
			isa = PBXFrameworksBuildPhase;
			buildActionMask = 2147483647;
			files = (
			);
			runOnlyForDeploymentPostprocessing = 0;
		};
/* End PBXFrameworksBuildPhase section */

/* Begin PBXGroup section */
		1A02249C1D1A78AB008CB2B9 = {
			isa = PBXGroup;
			children = (
				1A0224CF1D1A9881008CB2B9 /* download.jpeg */,
				1A0224D11D1A99E1008CB2B9 /* EmployeeTvc.swift */,
				1A0224A71D1A78AB008CB2B9 /* EmployeeStore */,
				1A0224C01D1A78AB008CB2B9 /* EmployeeStoreTests */,
				1A0224A61D1A78AB008CB2B9 /* Products */,
			);
			sourceTree = "<group>";
		};
		1A0224A61D1A78AB008CB2B9 /* Products */ = {
			isa = PBXGroup;
			children = (
				1A0224A51D1A78AB008CB2B9 /* EmployeeStore.app */,
				1A0224BD1D1A78AB008CB2B9 /* EmployeeStoreTests.xctest */,
			);
			name = Products;
			sourceTree = "<group>";
		};
		1A0224A71D1A78AB008CB2B9 /* EmployeeStore */ = {
			isa = PBXGroup;
			children = (
				1A0224AA1D1A78AB008CB2B9 /* AppDelegate.swift */,
				1A0224CD1D1A94CA008CB2B9 /* Employees.swift */,
				1A0224AF1D1A78AB008CB2B9 /* ViewController.swift */,
				1A0224B11D1A78AB008CB2B9 /* Main.storyboard */,
				1A0224B41D1A78AB008CB2B9 /* Images.xcassets */,
				1A0224B61D1A78AB008CB2B9 /* LaunchScreen.xib */,
				1A0224AC1D1A78AB008CB2B9 /* EmployeeStore.xcdatamodeld */,
				1A0224A81D1A78AB008CB2B9 /* Supporting Files */,
			);
			path = EmployeeStore;
			sourceTree = "<group>";
		};
		1A0224A81D1A78AB008CB2B9 /* Supporting Files */ = {
			isa = PBXGroup;
			children = (
				1A0224A91D1A78AB008CB2B9 /* Info.plist */,
			);
			name = "Supporting Files";
			sourceTree = "<group>";
		};
		1A0224C01D1A78AB008CB2B9 /* EmployeeStoreTests */ = {
			isa = PBXGroup;
			children = (
				1A0224C31D1A78AB008CB2B9 /* EmployeeStoreTests.swift */,
				1A0224C11D1A78AB008CB2B9 /* Supporting Files */,
			);
			path = EmployeeStoreTests;
			sourceTree = "<group>";
		};
		1A0224C11D1A78AB008CB2B9 /* Supporting Files */ = {
			isa = PBXGroup;
			children = (
				1A0224C21D1A78AB008CB2B9 /* Info.plist */,
			);
			name = "Supporting Files";
			sourceTree = "<group>";
		};
/* End PBXGroup section */

/* Begin PBXNativeTarget section */
		1A0224A41D1A78AB008CB2B9 /* EmployeeStore */ = {
			isa = PBXNativeTarget;
			buildConfigurationList = 1A0224C71D1A78AB008CB2B9 /* Build configuration list for PBXNativeTarget "EmployeeStore" */;
			buildPhases = (
				1A0224A11D1A78AB008CB2B9 /* Sources */,
				1A0224A21D1A78AB008CB2B9 /* Frameworks */,
				1A0224A31D1A78AB008CB2B9 /* Resources */,
			);
			buildRules = (
			);
			dependencies = (
			);
			name = EmployeeStore;
			productName = EmployeeStore;
			productReference = 1A0224A51D1A78AB008CB2B9 /* EmployeeStore.app */;
			productType = "com.apple.product-type.application";
		};
		1A0224BC1D1A78AB008CB2B9 /* EmployeeStoreTests */ = {
			isa = PBXNativeTarget;
			buildConfigurationList = 1A0224CA1D1A78AB008CB2B9 /* Build configuration list for PBXNativeTarget "EmployeeStoreTests" */;
			buildPhases = (
				1A0224B91D1A78AB008CB2B9 /* Sources */,
				1A0224BA1D1A78AB008CB2B9 /* Frameworks */,
				1A0224BB1D1A78AB008CB2B9 /* Resources */,
			);
			buildRules = (
			);
			dependencies = (
				1A0224BF1D1A78AB008CB2B9 /* PBXTargetDependency */,
			);
			name = EmployeeStoreTests;
			productName = EmployeeStoreTests;
			productReference = 1A0224BD1D1A78AB008CB2B9 /* EmployeeStoreTests.xctest */;
			productType = "com.apple.product-type.bundle.unit-test";
		};
/* End PBXNativeTarget section */

/* Begin PBXProject section */
		1A02249D1D1A78AB008CB2B9 /* Project object */ = {
			isa = PBXProject;
			attributes = {
				LastUpgradeCheck = 0640;
				ORGANIZATIONNAME = Kony;
				TargetAttributes = {
					1A0224A41D1A78AB008CB2B9 = {
						CreatedOnToolsVersion = 6.4;
					};
					1A0224BC1D1A78AB008CB2B9 = {
						CreatedOnToolsVersion = 6.4;
						TestTargetID = 1A0224A41D1A78AB008CB2B9;
					};
				};
			};
			buildConfigurationList = 1A0224A01D1A78AB008CB2B9 /* Build configuration list for PBXProject "EmployeeStore" */;
			compatibilityVersion = "Xcode 3.2";
			developmentRegion = English;
			hasScannedForEncodings = 0;
			knownRegions = (
				en,
				Base,
			);
			mainGroup = 1A02249C1D1A78AB008CB2B9;
			productRefGroup = 1A0224A61D1A78AB008CB2B9 /* Products */;
			projectDirPath = "";
			projectRoot = "";
			targets = (
				1A0224A41D1A78AB008CB2B9 /* EmployeeStore */,
				1A0224BC1D1A78AB008CB2B9 /* EmployeeStoreTests */,
			);
		};
/* End PBXProject section */

/* Begin PBXResourcesBuildPhase section */
		1A0224A31D1A78AB008CB2B9 /* Resources */ = {
			isa = PBXResourcesBuildPhase;
			buildActionMask = 2147483647;
			files = (
				1A0224B31D1A78AB008CB2B9 /* Main.storyboard in Resources */,
				1A0224D01D1A9881008CB2B9 /* download.jpeg in Resources */,
				1A0224B81D1A78AB008CB2B9 /* LaunchScreen.xib in Resources */,
				1A0224B51D1A78AB008CB2B9 /* Images.xcassets in Resources */,
			);
			runOnlyForDeploymentPostprocessing = 0;
		};
		1A0224BB1D1A78AB008CB2B9 /* Resources */ = {
			isa = PBXResourcesBuildPhase;
			buildActionMask = 2147483647;
			files = (
			);
			runOnlyForDeploymentPostprocessing = 0;
		};
/* End PBXResourcesBuildPhase section */

/* Begin PBXSourcesBuildPhase section */
		1A0224A11D1A78AB008CB2B9 /* Sources */ = {
			isa = PBXSourcesBuildPhase;
			buildActionMask = 2147483647;
			files = (
				1A0224B01D1A78AB008CB2B9 /* ViewController.swift in Sources */,
				1A0224D21D1A99E1008CB2B9 /* EmployeeTvc.swift in Sources */,
				1A0224CE1D1A94CA008CB2B9 /* Employees.swift in Sources */,
				1A0224AB1D1A78AB008CB2B9 /* AppDelegate.swift in Sources */,
				1A0224AE1D1A78AB008CB2B9 /* EmployeeStore.xcdatamodeld in Sources */,
			);
			runOnlyForDeploymentPostprocessing = 0;
		};
		1A0224B91D1A78AB008CB2B9 /* Sources */ = {
			isa = PBXSourcesBuildPhase;
			buildActionMask = 2147483647;
			files = (
				1A0224C41D1A78AB008CB2B9 /* EmployeeStoreTests.swift in Sources */,
			);
			runOnlyForDeploymentPostprocessing = 0;
		};
/* End PBXSourcesBuildPhase section */

/* Begin PBXTargetDependency section */
		1A0224BF1D1A78AB008CB2B9 /* PBXTargetDependency */ = {
			isa = PBXTargetDependency;
			target = 1A0224A41D1A78AB008CB2B9 /* EmployeeStore */;
			targetProxy = 1A0224BE1D1A78AB008CB2B9 /* PBXContainerItemProxy */;
		};
/* End PBXTargetDependency section */

/* Begin PBXVariantGroup section */
		1A0224B11D1A78AB008CB2B9 /* Main.storyboard */ = {
			isa = PBXVariantGroup;
			children = (
				1A0224B21D1A78AB008CB2B9 /* Base */,
			);
			name = Main.storyboard;
			sourceTree = "<group>";
		};
		1A0224B61D1A78AB008CB2B9 /* LaunchScreen.xib */ = {
			isa = PBXVariantGroup;
			children = (
				1A0224B71D1A78AB008CB2B9 /* Base */,
			);
			name = LaunchScreen.xib;
			sourceTree = "<group>";
		};
/* End PBXVariantGroup section */

/* Begin XCBuildConfiguration section */
		1A0224C51D1A78AB008CB2B9 /* Debug */ = {
			isa = XCBuildConfiguration;
			buildSettings = {
				ALWAYS_SEARCH_USER_PATHS = NO;
				CLANG_CXX_LANGUAGE_STANDARD = "gnu++0x";
				CLANG_CXX_LIBRARY = "libc++";
				CLANG_ENABLE_MODULES = YES;
				CLANG_ENABLE_OBJC_ARC = YES;
				CLANG_WARN_BOOL_CONVERSION = YES;
				CLANG_WARN_CONSTANT_CONVERSION = YES;
				CLANG_WARN_DIRECT_OBJC_ISA_USAGE = YES_ERROR;
				CLANG_WARN_EMPTY_BODY = YES;
				CLANG_WARN_ENUM_CONVERSION = YES;
				CLANG_WARN_INT_CONVERSION = YES;
				CLANG_WARN_OBJC_ROOT_CLASS = YES_ERROR;
				CLANG_WARN_UNREACHABLE_CODE = YES;
				CLANG_WARN__DUPLICATE_METHOD_MATCH = YES;
				"CODE_SIGN_IDENTITY[sdk=iphoneos*]" = "iPhone Developer";
				COPY_PHASE_STRIP = NO;
				DEBUG_INFORMATION_FORMAT = "dwarf-with-dsym";
				ENABLE_STRICT_OBJC_MSGSEND = YES;
				GCC_C_LANGUAGE_STANDARD = gnu99;
				GCC_DYNAMIC_NO_PIC = NO;
				GCC_NO_COMMON_BLOCKS = YES;
				GCC_OPTIMIZATION_LEVEL = 0;
				GCC_PREPROCESSOR_DEFINITIONS = (
					"DEBUG=1",
					"$(inherited)",
				);
				GCC_SYMBOLS_PRIVATE_EXTERN = NO;
				GCC_WARN_64_TO_32_BIT_CONVERSION = YES;
				GCC_WARN_ABOUT_RETURN_TYPE = YES_ERROR;
				GCC_WARN_UNDECLARED_SELECTOR = YES;
				GCC_WARN_UNINITIALIZED_AUTOS = YES_AGGRESSIVE;
				GCC_WARN_UNUSED_FUNCTION = YES;
				GCC_WARN_UNUSED_VARIABLE = YES;
				IPHONEOS_DEPLOYMENT_TARGET = 8.4;
				MTL_ENABLE_DEBUG_INFO = YES;
				ONLY_ACTIVE_ARCH = YES;
				SDKROOT = iphoneos;
				SWIFT_OPTIMIZATION_LEVEL = "-Onone";
				TARGETED_DEVICE_FAMILY = "1,2";
			};
			name = Debug;
		};
		1A0224C61D1A78AB008CB2B9 /* Release */ = {
			isa = XCBuildConfiguration;
			buildSettings = {
				ALWAYS_SEARCH_USER_PATHS = NO;
				CLANG_CXX_LANGUAGE_STANDARD = "gnu++0x";
				CLANG_CXX_LIBRARY = "libc++";
				CLANG_ENABLE_MODULES = YES;
				CLANG_ENABLE_OBJC_ARC = YES;
				CLANG_WARN_BOOL_CONVERSION = YES;
				CLANG_WARN_CONSTANT_CONVERSION = YES;
				CLANG_WARN_DIRECT_OBJC_ISA_USAGE = YES_ERROR;
				CLANG_WARN_EMPTY_BODY = YES;
				CLANG_WARN_ENUM_CONVERSION = YES;
				CLANG_WARN_INT_CONVERSION = YES;
				CLANG_WARN_OBJC_ROOT_CLASS = YES_ERROR;
				CLANG_WARN_UNREACHABLE_CODE = YES;
				CLANG_WARN__DUPLICATE_METHOD_MATCH = YES;
				"CODE_SIGN_IDENTITY[sdk=iphoneos*]" = "iPhone Developer";
				COPY_PHASE_STRIP = NO;
				DEBUG_INFORMATION_FORMAT = "dwarf-with-dsym";
				ENABLE_NS_ASSERTIONS = NO;
				ENABLE_STRICT_OBJC_MSGSEND = YES;
				GCC_C_LANGUAGE_STANDARD = gnu99;
				GCC_NO_COMMON_BLOCKS = YES;
				GCC_WARN_64_TO_32_BIT_CONVERSION = YES;
				GCC_WARN_ABOUT_RETURN_TYPE = YES_ERROR;
				GCC_WARN_UNDECLARED_SELECTOR = YES;
				GCC_WARN_UNINITIALIZED_AUTOS = YES_AGGRESSIVE;
				GCC_WARN_UNUSED_FUNCTION = YES;
				GCC_WARN_UNUSED_VARIABLE = YES;
				IPHONEOS_DEPLOYMENT_TARGET = 8.4;
				MTL_ENABLE_DEBUG_INFO = NO;
				SDKROOT = iphoneos;
				TARGETED_DEVICE_FAMILY = "1,2";
				VALIDATE_PRODUCT = YES;
			};
			name = Release;
		};
		1A0224C81D1A78AB008CB2B9 /* Debug */ = {
			isa = XCBuildConfiguration;
			buildSettings = {
				ASSETCATALOG_COMPILER_APPICON_NAME = AppIcon;
				INFOPLIST_FILE = EmployeeStore/Info.plist;
				LD_RUNPATH_SEARCH_PATHS = "$(inherited) @executable_path/Frameworks";
				PRODUCT_NAME = "$(TARGET_NAME)";
			};
			name = Debug;
		};
		1A0224C91D1A78AB008CB2B9 /* Release */ = {
			isa = XCBuildConfiguration;
			buildSettings = {
				ASSETCATALOG_COMPILER_APPICON_NAME = AppIcon;
				INFOPLIST_FILE = EmployeeStore/Info.plist;
				LD_RUNPATH_SEARCH_PATHS = "$(inherited) @executable_path/Frameworks";
				PRODUCT_NAME = "$(TARGET_NAME)";
			};
			name = Release;
		};
		1A0224CB1D1A78AB008CB2B9 /* Debug */ = {
			isa = XCBuildConfiguration;
			buildSettings = {
				BUNDLE_LOADER = "$(TEST_HOST)";
				FRAMEWORK_SEARCH_PATHS = (
					"$(SDKROOT)/Developer/Library/Frameworks",
					"$(inherited)",
				);
				GCC_PREPROCESSOR_DEFINITIONS = (
					"DEBUG=1",
					"$(inherited)",
				);
				INFOPLIST_FILE = EmployeeStoreTests/Info.plist;
				LD_RUNPATH_SEARCH_PATHS = "$(inherited) @executable_path/Frameworks @loader_path/Frameworks";
				PRODUCT_NAME = "$(TARGET_NAME)";
				TEST_HOST = "$(BUILT_PRODUCTS_DIR)/EmployeeStore.app/EmployeeStore";
			};
			name = Debug;
		};
		1A0224CC1D1A78AB008CB2B9 /* Release */ = {
			isa = XCBuildConfiguration;
			buildSettings = {
				BUNDLE_LOADER = "$(TEST_HOST)";
				FRAMEWORK_SEARCH_PATHS = (
					"$(SDKROOT)/Developer/Library/Frameworks",
					"$(inherited)",
				);
				INFOPLIST_FILE = EmployeeStoreTests/Info.plist;
				LD_RUNPATH_SEARCH_PATHS = "$(inherited) @executable_path/Frameworks @loader_path/Frameworks";
				PRODUCT_NAME = "$(TARGET_NAME)";
				TEST_HOST = "$(BUILT_PRODUCTS_DIR)/EmployeeStore.app/EmployeeStore";
			};
			name = Release;
		};
/* End XCBuildConfiguration section */

/* Begin XCConfigurationList section */
		1A0224A01D1A78AB008CB2B9 /* Build configuration list for PBXProject "EmployeeStore" */ = {
			isa = XCConfigurationList;
			buildConfigurations = (
				1A0224C51D1A78AB008CB2B9 /* Debug */,
				1A0224C61D1A78AB008CB2B9 /* Release */,
			);
			defaultConfigurationIsVisible = 0;
			defaultConfigurationName = Release;
		};
		1A0224C71D1A78AB008CB2B9 /* Build configuration list for PBXNativeTarget "EmployeeStore" */ = {
			isa = XCConfigurationList;
			buildConfigurations = (
				1A0224C81D1A78AB008CB2B9 /* Debug */,
				1A0224C91D1A78AB008CB2B9 /* Release */,
			);
			defaultConfigurationIsVisible = 0;
		};
		1A0224CA1D1A78AB008CB2B9 /* Build configuration list for PBXNativeTarget "EmployeeStoreTests" */ = {
			isa = XCConfigurationList;
			buildConfigurations = (
				1A0224CB1D1A78AB008CB2B9 /* Debug */,
				1A0224CC1D1A78AB008CB2B9 /* Release */,
			);
			defaultConfigurationIsVisible = 0;
		};
/* End XCConfigurationList section */

/* Begin XCVersionGroup section */
		1A0224AC1D1A78AB008CB2B9 /* EmployeeStore.xcdatamodeld */ = {
			isa = XCVersionGroup;
			children = (
				1A0224AD1D1A78AB008CB2B9 /* EmployeeStore.xcdatamodel */,
			);
			currentVersion = 1A0224AD1D1A78AB008CB2B9 /* EmployeeStore.xcdatamodel */;
			path = EmployeeStore.xcdatamodeld;
			sourceTree = "<group>";
			versionGroupType = wrapper.xcdatamodel;
		};
/* End XCVersionGroup section */
	};
	rootObject = 1A02249D1D1A78AB008CB2B9 /* Project object */;
}
